// !$*UTF8*$!
{
	archiveVersion = 1;
	classes = {
	};
	objectVersion = 50;
	objects = {

/* Begin PBXBuildFile section */
		0D1F23E026F0CD4F0035F470 /* AppDelegate.swift in Sources */ = {isa = PBXBuildFile; fileRef = 0D1F23DF26F0CD4F0035F470 /* AppDelegate.swift */; };
		0D1F23E226F0CD4F0035F470 /* SceneDelegate.swift in Sources */ = {isa = PBXBuildFile; fileRef = 0D1F23E126F0CD4F0035F470 /* SceneDelegate.swift */; };
		0D1F23E426F0CD4F0035F470 /* ViewController.swift in Sources */ = {isa = PBXBuildFile; fileRef = 0D1F23E326F0CD4F0035F470 /* ViewController.swift */; };
		0D1F23E726F0CD4F0035F470 /* Main.storyboard in Resources */ = {isa = PBXBuildFile; fileRef = 0D1F23E526F0CD4F0035F470 /* Main.storyboard */; };
		0D1F23E926F0CD4F0035F470 /* Assets.xcassets in Resources */ = {isa = PBXBuildFile; fileRef = 0D1F23E826F0CD4F0035F470 /* Assets.xcassets */; };
		0D1F23EC26F0CD4F0035F470 /* LaunchScreen.storyboard in Resources */ = {isa = PBXBuildFile; fileRef = 0D1F23EA26F0CD4F0035F470 /* LaunchScreen.storyboard */; };
		0D1F23F726F0CD4F0035F470 /* DemoTests.swift in Sources */ = {isa = PBXBuildFile; fileRef = 0D1F23F626F0CD4F0035F470 /* DemoTests.swift */; };
		0D1F240226F0CD4F0035F470 /* DemoUITests.swift in Sources */ = {isa = PBXBuildFile; fileRef = 0D1F240126F0CD4F0035F470 /* DemoUITests.swift */; };
/* End PBXBuildFile section */

/* Begin PBXContainerItemProxy section */
		0D1F23F326F0CD4F0035F470 /* PBXContainerItemProxy */ = {
			isa = PBXContainerItemProxy;
			containerPortal = 0D1F23D426F0CD4F0035F470 /* Project object */;
			proxyType = 1;
			remoteGlobalIDString = 0D1F23DB26F0CD4F0035F470;
			remoteInfo = Demo;
		};
		0D1F23FE26F0CD4F0035F470 /* PBXContainerItemProxy */ = {
			isa = PBXContainerItemProxy;
			containerPortal = 0D1F23D426F0CD4F0035F470 /* Project object */;
			proxyType = 1;
			remoteGlobalIDString = 0D1F23DB26F0CD4F0035F470;
			remoteInfo = Demo;
		};
/* End PBXContainerItemProxy section */

/* Begin PBXFileReference section */
		0D1F23DC26F0CD4F0035F470 /* Demo.app */ = {isa = PBXFileReference; explicitFileType = wrapper.application; includeInIndex = 0; path = Demo.app; sourceTree = BUILT_PRODUCTS_DIR; };
		0D1F23DF26F0CD4F0035F470 /* AppDelegate.swift */ = {isa = PBXFileReference; lastKnownFileType = sourcecode.swift; path = AppDelegate.swift; sourceTree = "<group>"; };
		0D1F23E126F0CD4F0035F470 /* SceneDelegate.swift */ = {isa = PBXFileReference; lastKnownFileType = sourcecode.swift; path = SceneDelegate.swift; sourceTree = "<group>"; };
		0D1F23E326F0CD4F0035F470 /* ViewController.swift */ = {isa = PBXFileReference; lastKnownFileType = sourcecode.swift; path = ViewController.swift; sourceTree = "<group>"; };
		0D1F23E626F0CD4F0035F470 /* Base */ = {isa = PBXFileReference; lastKnownFileType = file.storyboard; name = Base; path = Base.lproj/Main.storyboard; sourceTree = "<group>"; };
		0D1F23E826F0CD4F0035F470 /* Assets.xcassets */ = {isa = PBXFileReference; lastKnownFileType = folder.assetcatalog; path = Assets.xcassets; sourceTree = "<group>"; };
		0D1F23EB26F0CD4F0035F470 /* Base */ = {isa = PBXFileReference; lastKnownFileType = file.storyboard; name = Base; path = Base.lproj/LaunchScreen.storyboard; sourceTree = "<group>"; };
		0D1F23ED26F0CD4F0035F470 /* Info.plist */ = {isa = PBXFileReference; lastKnownFileType = text.plist.xml; path = Info.plist; sourceTree = "<group>"; };
		0D1F23F226F0CD4F0035F470 /* DemoTests.xctest */ = {isa = PBXFileReference; explicitFileType = wrapper.cfbundle; includeInIndex = 0; path = DemoTests.xctest; sourceTree = BUILT_PRODUCTS_DIR; };
		0D1F23F626F0CD4F0035F470 /* DemoTests.swift */ = {isa = PBXFileReference; lastKnownFileType = sourcecode.swift; path = DemoTests.swift; sourceTree = "<group>"; };
		0D1F23F826F0CD4F0035F470 /* Info.plist */ = {isa = PBXFileReference; lastKnownFileType = text.plist.xml; path = Info.plist; sourceTree = "<group>"; };
		0D1F23FD26F0CD4F0035F470 /* DemoUITests.xctest */ = {isa = PBXFileReference; explicitFileType = wrapper.cfbundle; includeInIndex = 0; path = DemoUITests.xctest; sourceTree = BUILT_PRODUCTS_DIR; };
		0D1F240126F0CD4F0035F470 /* DemoUITests.swift */ = {isa = PBXFileReference; lastKnownFileType = sourcecode.swift; path = DemoUITests.swift; sourceTree = "<group>"; };
		0D1F240326F0CD4F0035F470 /* Info.plist */ = {isa = PBXFileReference; lastKnownFileType = text.plist.xml; path = Info.plist; sourceTree = "<group>"; };
/* End PBXFileReference section */

/* Begin PBXFrameworksBuildPhase section */
		0D1F23D926F0CD4F0035F470 /* Frameworks */ = {
			isa = PBXFrameworksBuildPhase;
			buildActionMask = 2147483647;
			files = (
			);
			runOnlyForDeploymentPostprocessing = 0;
		};
		0D1F23EF26F0CD4F0035F470 /* Frameworks */ = {
			isa = PBXFrameworksBuildPhase;
			buildActionMask = 2147483647;
			files = (
			);
			runOnlyForDeploymentPostprocessing = 0;
		};
		0D1F23FA26F0CD4F0035F470 /* Frameworks */ = {
			isa = PBXFrameworksBuildPhase;
			buildActionMask = 2147483647;
			files = (
			);
			runOnlyForDeploymentPostprocessing = 0;
		};
/* End PBXFrameworksBuildPhase section */

/* Begin PBXGroup section */
		0D1F23D326F0CD4F0035F470 = {
			isa = PBXGroup;
			children = (
				0D1F23DE26F0CD4F0035F470 /* Demo */,
				0D1F23F526F0CD4F0035F470 /* DemoTests */,
				0D1F240026F0CD4F0035F470 /* DemoUITests */,
				0D1F23DD26F0CD4F0035F470 /* Products */,
			);
			sourceTree = "<group>";
		};
		0D1F23DD26F0CD4F0035F470 /* Products */ = {
			isa = PBXGroup;
			children = (
				0D1F23DC26F0CD4F0035F470 /* Demo.app */,
				0D1F23F226F0CD4F0035F470 /* DemoTests.xctest */,
				0D1F23FD26F0CD4F0035F470 /* DemoUITests.xctest */,
			);
			name = Products;
			sourceTree = "<group>";
		};
		0D1F23DE26F0CD4F0035F470 /* Demo */ = {
			isa = PBXGroup;
			children = (
				0D1F23DF26F0CD4F0035F470 /* AppDelegate.swift */,
				0D1F23E126F0CD4F0035F470 /* SceneDelegate.swift */,
				0D1F23E326F0CD4F0035F470 /* ViewController.swift */,
				0D1F23E526F0CD4F0035F470 /* Main.storyboard */,
				0D1F23E826F0CD4F0035F470 /* Assets.xcassets */,
				0D1F23EA26F0CD4F0035F470 /* LaunchScreen.storyboard */,
				0D1F23ED26F0CD4F0035F470 /* Info.plist */,
			);
			path = Demo;
			sourceTree = "<group>";
		};
		0D1F23F526F0CD4F0035F470 /* DemoTests */ = {
			isa = PBXGroup;
			children = (
				0D1F23F626F0CD4F0035F470 /* DemoTests.swift */,
				0D1F23F826F0CD4F0035F470 /* Info.plist */,
			);
			path = DemoTests;
			sourceTree = "<group>";
		};
		0D1F240026F0CD4F0035F470 /* DemoUITests */ = {
			isa = PBXGroup;
			children = (
				0D1F240126F0CD4F0035F470 /* DemoUITests.swift */,
				0D1F240326F0CD4F0035F470 /* Info.plist */,
			);
			path = DemoUITests;
			sourceTree = "<group>";
		};
/* End PBXGroup section */

/* Begin PBXNativeTarget section */
		0D1F23DB26F0CD4F0035F470 /* Demo */ = {
			isa = PBXNativeTarget;
			buildConfigurationList = 0D1F240626F0CD4F0035F470 /* Build configuration list for PBXNativeTarget "Demo" */;
			buildPhases = (
				0D1F23D826F0CD4F0035F470 /* Sources */,
				0D1F23D926F0CD4F0035F470 /* Frameworks */,
				0D1F23DA26F0CD4F0035F470 /* Resources */,
			);
			buildRules = (
			);
			dependencies = (
			);
			name = Demo;
			productName = Demo;
			productReference = 0D1F23DC26F0CD4F0035F470 /* Demo.app */;
			productType = "com.apple.product-type.application";
		};
		0D1F23F126F0CD4F0035F470 /* DemoTests */ = {
			isa = PBXNativeTarget;
			buildConfigurationList = 0D1F240926F0CD4F0035F470 /* Build configuration list for PBXNativeTarget "DemoTests" */;
			buildPhases = (
				0D1F23EE26F0CD4F0035F470 /* Sources */,
				0D1F23EF26F0CD4F0035F470 /* Frameworks */,
				0D1F23F026F0CD4F0035F470 /* Resources */,
			);
			buildRules = (
			);
			dependencies = (
				0D1F23F426F0CD4F0035F470 /* PBXTargetDependency */,
			);
			name = DemoTests;
			productName = DemoTests;
			productReference = 0D1F23F226F0CD4F0035F470 /* DemoTests.xctest */;
			productType = "com.apple.product-type.bundle.unit-test";
		};
		0D1F23FC26F0CD4F0035F470 /* DemoUITests */ = {
			isa = PBXNativeTarget;
			buildConfigurationList = 0D1F240C26F0CD4F0035F470 /* Build configuration list for PBXNativeTarget "DemoUITests" */;
			buildPhases = (
				0D1F23F926F0CD4F0035F470 /* Sources */,
				0D1F23FA26F0CD4F0035F470 /* Frameworks */,
				0D1F23FB26F0CD4F0035F470 /* Resources */,
			);
			buildRules = (
			);
			dependencies = (
				0D1F23FF26F0CD4F0035F470 /* PBXTargetDependency */,
			);
			name = DemoUITests;
			productName = DemoUITests;
			productReference = 0D1F23FD26F0CD4F0035F470 /* DemoUITests.xctest */;
			productType = "com.apple.product-type.bundle.ui-testing";
		};
/* End PBXNativeTarget section */

/* Begin PBXProject section */
		0D1F23D426F0CD4F0035F470 /* Project object */ = {
			isa = PBXProject;
			attributes = {
				LastSwiftUpdateCheck = 1250;
				LastUpgradeCheck = 1250;
				TargetAttributes = {
					0D1F23DB26F0CD4F0035F470 = {
						CreatedOnToolsVersion = 12.5.1;
					};
					0D1F23F126F0CD4F0035F470 = {
						CreatedOnToolsVersion = 12.5.1;
						TestTargetID = 0D1F23DB26F0CD4F0035F470;
					};
					0D1F23FC26F0CD4F0035F470 = {
						CreatedOnToolsVersion = 12.5.1;
						TestTargetID = 0D1F23DB26F0CD4F0035F470;
					};
				};
			};
			buildConfigurationList = 0D1F23D726F0CD4F0035F470 /* Build configuration list for PBXProject "Demo" */;
			compatibilityVersion = "Xcode 9.3";
			developmentRegion = en;
			hasScannedForEncodings = 0;
			knownRegions = (
				en,
				Base,
			);
			mainGroup = 0D1F23D326F0CD4F0035F470;
			productRefGroup = 0D1F23DD26F0CD4F0035F470 /* Products */;
			projectDirPath = "";
			projectRoot = "";
			targets = (
				0D1F23DB26F0CD4F0035F470 /* Demo */,
				0D1F23F126F0CD4F0035F470 /* DemoTests */,
				0D1F23FC26F0CD4F0035F470 /* DemoUITests */,
			);
		};
/* End PBXProject section */

/* Begin PBXResourcesBuildPhase section */
		0D1F23DA26F0CD4F0035F470 /* Resources */ = {
			isa = PBXResourcesBuildPhase;
			buildActionMask = 2147483647;
			files = (
				0D1F23EC26F0CD4F0035F470 /* LaunchScreen.storyboard in Resources */,
				0D1F23E926F0CD4F0035F470 /* Assets.xcassets in Resources */,
				0D1F23E726F0CD4F0035F470 /* Main.storyboard in Resources */,
			);
			runOnlyForDeploymentPostprocessing = 0;
		};
		0D1F23F026F0CD4F0035F470 /* Resources */ = {
			isa = PBXResourcesBuildPhase;
			buildActionMask = 2147483647;
			files = (
			);
			runOnlyForDeploymentPostprocessing = 0;
		};
		0D1F23FB26F0CD4F0035F470 /* Resources */ = {
			isa = PBXResourcesBuildPhase;
			buildActionMask = 2147483647;
			files = (
			);
			runOnlyForDeploymentPostprocessing = 0;
		};
/* End PBXResourcesBuildPhase section */

/* Begin PBXSourcesBuildPhase section */
		0D1F23D826F0CD4F0035F470 /* Sources */ = {
			isa = PBXSourcesBuildPhase;
			buildActionMask = 2147483647;
			files = (
				0D1F23E426F0CD4F0035F470 /* ViewController.swift in Sources */,
				0D1F23E026F0CD4F0035F470 /* AppDelegate.swift in Sources */,
				0D1F23E226F0CD4F0035F470 /* SceneDelegate.swift in Sources */,
			);
			runOnlyForDeploymentPostprocessing = 0;
		};
		0D1F23EE26F0CD4F0035F470 /* Sources */ = {
			isa = PBXSourcesBuildPhase;
			buildActionMask = 2147483647;
			files = (
				0D1F23F726F0CD4F0035F470 /* DemoTests.swift in Sources */,
			);
			runOnlyForDeploymentPostprocessing = 0;
		};
		0D1F23F926F0CD4F0035F470 /* Sources */ = {
			isa = PBXSourcesBuildPhase;
			buildActionMask = 2147483647;
			files = (
				0D1F240226F0CD4F0035F470 /* DemoUITests.swift in Sources */,
			);
			runOnlyForDeploymentPostprocessing = 0;
		};
/* End PBXSourcesBuildPhase section */

/* Begin PBXTargetDependency section */
		0D1F23F426F0CD4F0035F470 /* PBXTargetDependency */ = {
			isa = PBXTargetDependency;
			target = 0D1F23DB26F0CD4F0035F470 /* Demo */;
			targetProxy = 0D1F23F326F0CD4F0035F470 /* PBXContainerItemProxy */;
		};
		0D1F23FF26F0CD4F0035F470 /* PBXTargetDependency */ = {
			isa = PBXTargetDependency;
			target = 0D1F23DB26F0CD4F0035F470 /* Demo */;
			targetProxy = 0D1F23FE26F0CD4F0035F470 /* PBXContainerItemProxy */;
		};
/* End PBXTargetDependency section */

/* Begin PBXVariantGroup section */
		0D1F23E526F0CD4F0035F470 /* Main.storyboard */ = {
			isa = PBXVariantGroup;
			children = (
				0D1F23E626F0CD4F0035F470 /* Base */,
			);
			name = Main.storyboard;
			sourceTree = "<group>";
		};
		0D1F23EA26F0CD4F0035F470 /* LaunchScreen.storyboard */ = {
			isa = PBXVariantGroup;
			children = (
				0D1F23EB26F0CD4F0035F470 /* Base */,
			);
			name = LaunchScreen.storyboard;
			sourceTree = "<group>";
		};
/* End PBXVariantGroup section */

/* Begin XCBuildConfiguration section */
		0D1F240426F0CD4F0035F470 /* Debug */ = {
			isa = XCBuildConfiguration;
			buildSettings = {
				ALWAYS_SEARCH_USER_PATHS = NO;
				CLANG_ANALYZER_NONNULL = YES;
				CLANG_ANALYZER_NUMBER_OBJECT_CONVERSION = YES_AGGRESSIVE;
				CLANG_CXX_LANGUAGE_STANDARD = "gnu++14";
				CLANG_CXX_LIBRARY = "libc++";
				CLANG_ENABLE_MODULES = YES;
				CLANG_ENABLE_OBJC_ARC = YES;
				CLANG_ENABLE_OBJC_WEAK = YES;
				CLANG_WARN_BLOCK_CAPTURE_AUTORELEASING = YES;
				CLANG_WARN_BOOL_CONVERSION = YES;
				CLANG_WARN_COMMA = YES;
				CLANG_WARN_CONSTANT_CONVERSION = YES;
				CLANG_WARN_DEPRECATED_OBJC_IMPLEMENTATIONS = YES;
				CLANG_WARN_DIRECT_OBJC_ISA_USAGE = YES_ERROR;
				CLANG_WARN_DOCUMENTATION_COMMENTS = YES;
				CLANG_WARN_EMPTY_BODY = YES;
				CLANG_WARN_ENUM_CONVERSION = YES;
				CLANG_WARN_INFINITE_RECURSION = YES;
				CLANG_WARN_INT_CONVERSION = YES;
				CLANG_WARN_NON_LITERAL_NULL_CONVERSION = YES;
				CLANG_WARN_OBJC_IMPLICIT_RETAIN_SELF = YES;
				CLANG_WARN_OBJC_LITERAL_CONVERSION = YES;
				CLANG_WARN_OBJC_ROOT_CLASS = YES_ERROR;
				CLANG_WARN_QUOTED_INCLUDE_IN_FRAMEWORK_HEADER = YES;
				CLANG_WARN_RANGE_LOOP_ANALYSIS = YES;
				CLANG_WARN_STRICT_PROTOTYPES = YES;
				CLANG_WARN_SUSPICIOUS_MOVE = YES;
				CLANG_WARN_UNGUARDED_AVAILABILITY = YES_AGGRESSIVE;
				CLANG_WARN_UNREACHABLE_CODE = YES;
				CLANG_WARN__DUPLICATE_METHOD_MATCH = YES;
				COPY_PHASE_STRIP = NO;
				DEBUG_INFORMATION_FORMAT = dwarf;
				ENABLE_STRICT_OBJC_MSGSEND = YES;
				ENABLE_TESTABILITY = YES;
				GCC_C_LANGUAGE_STANDARD = gnu11;
				GCC_DYNAMIC_NO_PIC = NO;
				GCC_NO_COMMON_BLOCKS = YES;
				GCC_OPTIMIZATION_LEVEL = 0;
				GCC_PREPROCESSOR_DEFINITIONS = (
					"DEBUG=1",
					"$(inherited)",
				);
				GCC_WARN_64_TO_32_BIT_CONVERSION = YES;
				GCC_WARN_ABOUT_RETURN_TYPE = YES_ERROR;
				GCC_WARN_UNDECLARED_SELECTOR = YES;
				GCC_WARN_UNINITIALIZED_AUTOS = YES_AGGRESSIVE;
				GCC_WARN_UNUSED_FUNCTION = YES;
				GCC_WARN_UNUSED_VARIABLE = YES;
				IPHONEOS_DEPLOYMENT_TARGET = 14.5;
				MTL_ENABLE_DEBUG_INFO = INCLUDE_SOURCE;
				MTL_FAST_MATH = YES;
				ONLY_ACTIVE_ARCH = YES;
				SDKROOT = iphoneos;
				SWIFT_ACTIVE_COMPILATION_CONDITIONS = DEBUG;
				SWIFT_OPTIMIZATION_LEVEL = "-Onone";
			};
			name = Debug;
		};
		0D1F240526F0CD4F0035F470 /* Release */ = {
			isa = XCBuildConfiguration;
			buildSettings = {
				ALWAYS_SEARCH_USER_PATHS = NO;
				CLANG_ANALYZER_NONNULL = YES;
				CLANG_ANALYZER_NUMBER_OBJECT_CONVERSION = YES_AGGRESSIVE;
				CLANG_CXX_LANGUAGE_STANDARD = "gnu++14";
				CLANG_CXX_LIBRARY = "libc++";
				CLANG_ENABLE_MODULES = YES;
				CLANG_ENABLE_OBJC_ARC = YES;
				CLANG_ENABLE_OBJC_WEAK = YES;
				CLANG_WARN_BLOCK_CAPTURE_AUTORELEASING = YES;
				CLANG_WARN_BOOL_CONVERSION = YES;
				CLANG_WARN_COMMA = YES;
				CLANG_WARN_CONSTANT_CONVERSION = YES;
				CLANG_WARN_DEPRECATED_OBJC_IMPLEMENTATIONS = YES;
				CLANG_WARN_DIRECT_OBJC_ISA_USAGE = YES_ERROR;
				CLANG_WARN_DOCUMENTATION_COMMENTS = YES;
				CLANG_WARN_EMPTY_BODY = YES;
				CLANG_WARN_ENUM_CONVERSION = YES;
				CLANG_WARN_INFINITE_RECURSION = YES;
				CLANG_WARN_INT_CONVERSION = YES;
				CLANG_WARN_NON_LITERAL_NULL_CONVERSION = YES;
				CLANG_WARN_OBJC_IMPLICIT_RETAIN_SELF = YES;
				CLANG_WARN_OBJC_LITERAL_CONVERSION = YES;
				CLANG_WARN_OBJC_ROOT_CLASS = YES_ERROR;
				CLANG_WARN_QUOTED_INCLUDE_IN_FRAMEWORK_HEADER = YES;
				CLANG_WARN_RANGE_LOOP_ANALYSIS = YES;
				CLANG_WARN_STRICT_PROTOTYPES = YES;
				CLANG_WARN_SUSPICIOUS_MOVE = YES;
				CLANG_WARN_UNGUARDED_AVAILABILITY = YES_AGGRESSIVE;
				CLANG_WARN_UNREACHABLE_CODE = YES;
				CLANG_WARN__DUPLICATE_METHOD_MATCH = YES;
				COPY_PHASE_STRIP = NO;
				DEBUG_INFORMATION_FORMAT = "dwarf-with-dsym";
				ENABLE_NS_ASSERTIONS = NO;
				ENABLE_STRICT_OBJC_MSGSEND = YES;
				GCC_C_LANGUAGE_STANDARD = gnu11;
				GCC_NO_COMMON_BLOCKS = YES;
				GCC_WARN_64_TO_32_BIT_CONVERSION = YES;
				GCC_WARN_ABOUT_RETURN_TYPE = YES_ERROR;
				GCC_WARN_UNDECLARED_SELECTOR = YES;
				GCC_WARN_UNINITIALIZED_AUTOS = YES_AGGRESSIVE;
				GCC_WARN_UNUSED_FUNCTION = YES;
				GCC_WARN_UNUSED_VARIABLE = YES;
				IPHONEOS_DEPLOYMENT_TARGET = 14.5;
				MTL_ENABLE_DEBUG_INFO = NO;
				MTL_FAST_MATH = YES;
				SDKROOT = iphoneos;
				SWIFT_COMPILATION_MODE = wholemodule;
				SWIFT_OPTIMIZATION_LEVEL = "-O";
				VALIDATE_PRODUCT = YES;
			};
			name = Release;
		};
		0D1F240726F0CD4F0035F470 /* Debug */ = {
			isa = XCBuildConfiguration;
			buildSettings = {
				ASSETCATALOG_COMPILER_APPICON_NAME = AppIcon;
				ASSETCATALOG_COMPILER_GLOBAL_ACCENT_COLOR_NAME = AccentColor;
				CODE_SIGN_STYLE = Automatic;
				DEVELOPMENT_TEAM = CR2K7K85K7;
				INFOPLIST_FILE = Demo/Info.plist;
				LD_RUNPATH_SEARCH_PATHS = (
					"$(inherited)",
					"@executable_path/Frameworks",
				);
				PRODUCT_BUNDLE_IDENTIFIER = com.classplus.Demo;
				PRODUCT_NAME = "$(TARGET_NAME)";
				SWIFT_VERSION = 5.0;
				TARGETED_DEVICE_FAMILY = "1,2";
			};
			name = Debug;
		};
		0D1F240826F0CD4F0035F470 /* Release */ = {
			isa = XCBuildConfiguration;
			buildSettings = {
				ASSETCATALOG_COMPILER_APPICON_NAME = AppIcon;
				ASSETCATALOG_COMPILER_GLOBAL_ACCENT_COLOR_NAME = AccentColor;
				CODE_SIGN_STYLE = Automatic;
				DEVELOPMENT_TEAM = CR2K7K85K7;
				INFOPLIST_FILE = Demo/Info.plist;
				LD_RUNPATH_SEARCH_PATHS = (
					"$(inherited)",
					"@executable_path/Frameworks",
				);
				PRODUCT_BUNDLE_IDENTIFIER = com.classplus.Demo;
				PRODUCT_NAME = "$(TARGET_NAME)";
				SWIFT_VERSION = 5.0;
				TARGETED_DEVICE_FAMILY = "1,2";
			};
			name = Release;
		};
		0D1F240A26F0CD4F0035F470 /* Debug */ = {
			isa = XCBuildConfiguration;
			buildSettings = {
				ALWAYS_EMBED_SWIFT_STANDARD_LIBRARIES = YES;
				BUNDLE_LOADER = "$(TEST_HOST)";
				CODE_SIGN_STYLE = Automatic;
				DEVELOPMENT_TEAM = CR2K7K85K7;
				INFOPLIST_FILE = DemoTests/Info.plist;
				IPHONEOS_DEPLOYMENT_TARGET = 14.5;
				LD_RUNPATH_SEARCH_PATHS = (
					"$(inherited)",
					"@executable_path/Frameworks",
					"@loader_path/Frameworks",
				);
				PRODUCT_BUNDLE_IDENTIFIER = com.classplus.DemoTests;
				PRODUCT_NAME = "$(TARGET_NAME)";
				SWIFT_VERSION = 5.0;
				TARGETED_DEVICE_FAMILY = "1,2";
				TEST_HOST = "$(BUILT_PRODUCTS_DIR)/Demo.app/Demo";
			};
			name = Debug;
		};
		0D1F240B26F0CD4F0035F470 /* Release */ = {
			isa = XCBuildConfiguration;
			buildSettings = {
				ALWAYS_EMBED_SWIFT_STANDARD_LIBRARIES = YES;
				BUNDLE_LOADER = "$(TEST_HOST)";
				CODE_SIGN_STYLE = Automatic;
				DEVELOPMENT_TEAM = CR2K7K85K7;
				INFOPLIST_FILE = DemoTests/Info.plist;
				IPHONEOS_DEPLOYMENT_TARGET = 14.5;
				LD_RUNPATH_SEARCH_PATHS = (
					"$(inherited)",
					"@executable_path/Frameworks",
					"@loader_path/Frameworks",
				);
				PRODUCT_BUNDLE_IDENTIFIER = com.classplus.DemoTests;
				PRODUCT_NAME = "$(TARGET_NAME)";
				SWIFT_VERSION = 5.0;
				TARGETED_DEVICE_FAMILY = "1,2";
				TEST_HOST = "$(BUILT_PRODUCTS_DIR)/Demo.app/Demo";
			};
			name = Release;
		};
		0D1F240D26F0CD4F0035F470 /* Debug */ = {
			isa = XCBuildConfiguration;
			buildSettings = {
				ALWAYS_EMBED_SWIFT_STANDARD_LIBRARIES = YES;
				CODE_SIGN_STYLE = Automatic;
				DEVELOPMENT_TEAM = CR2K7K85K7;
				INFOPLIST_FILE = DemoUITests/Info.plist;
				LD_RUNPATH_SEARCH_PATHS = (
					"$(inherited)",
					"@executable_path/Frameworks",
					"@loader_path/Frameworks",
				);
				PRODUCT_BUNDLE_IDENTIFIER = com.classplus.DemoUITests;
				PRODUCT_NAME = "$(TARGET_NAME)";
				SWIFT_VERSION = 5.0;
				TARGETED_DEVICE_FAMILY = "1,2";
				TEST_TARGET_NAME = Demo;
			};
			name = Debug;
		};
		0D1F240E26F0CD4F0035F470 /* Release */ = {
			isa = XCBuildConfiguration;
			buildSettings = {
				ALWAYS_EMBED_SWIFT_STANDARD_LIBRARIES = YES;
				CODE_SIGN_STYLE = Automatic;
				DEVELOPMENT_TEAM = CR2K7K85K7;
				INFOPLIST_FILE = DemoUITests/Info.plist;
				LD_RUNPATH_SEARCH_PATHS = (
					"$(inherited)",
					"@executable_path/Frameworks",
					"@loader_path/Frameworks",
				);
				PRODUCT_BUNDLE_IDENTIFIER = com.classplus.DemoUITests;
				PRODUCT_NAME = "$(TARGET_NAME)";
				SWIFT_VERSION = 5.0;
				TARGETED_DEVICE_FAMILY = "1,2";
				TEST_TARGET_NAME = Demo;
			};
			name = Release;
		};
/* End XCBuildConfiguration section */

/* Begin XCConfigurationList section */
		0D1F23D726F0CD4F0035F470 /* Build configuration list for PBXProject "Demo" */ = {
			isa = XCConfigurationList;
			buildConfigurations = (
				0D1F240426F0CD4F0035F470 /* Debug */,
				0D1F240526F0CD4F0035F470 /* Release */,
			);
			defaultConfigurationIsVisible = 0;
			defaultConfigurationName = Release;
		};
		0D1F240626F0CD4F0035F470 /* Build configuration list for PBXNativeTarget "Demo" */ = {
			isa = XCConfigurationList;
			buildConfigurations = (
				0D1F240726F0CD4F0035F470 /* Debug */,
				0D1F240826F0CD4F0035F470 /* Release */,
			);
			defaultConfigurationIsVisible = 0;
			defaultConfigurationName = Release;
		};
		0D1F240926F0CD4F0035F470 /* Build configuration list for PBXNativeTarget "DemoTests" */ = {
			isa = XCConfigurationList;
			buildConfigurations = (
				0D1F240A26F0CD4F0035F470 /* Debug */,
				0D1F240B26F0CD4F0035F470 /* Release */,
			);
			defaultConfigurationIsVisible = 0;
			defaultConfigurationName = Release;
		};
		0D1F240C26F0CD4F0035F470 /* Build configuration list for PBXNativeTarget "DemoUITests" */ = {
			isa = XCConfigurationList;
			buildConfigurations = (
				0D1F240D26F0CD4F0035F470 /* Debug */,
				0D1F240E26F0CD4F0035F470 /* Release */,
			);
			defaultConfigurationIsVisible = 0;
			defaultConfigurationName = Release;
		};
/* End XCConfigurationList section */
	};
	rootObject = 0D1F23D426F0CD4F0035F470 /* Project object */;
}
